
Microsoft Visual Studio Solution File, Format Version 12.00
# Visual Studio Version 17
VisualStudioVersion = 17.8.34309.116
MinimumVisualStudioVersion = 10.0.40219.1
Project("{FAE04EC0-301F-11D3-BF4B-00C04F79EFBC}") = "Inlämnings Uppgift 5.8 C-A", "Inlämnings Uppgift 5.8 C-A\Inlämnings Uppgift 5.8 C-A.csproj", "{B60D4CB3-FE9B-48B5-A85C-7DA4B2379765}"
EndProject
Global
	GlobalSection(SolutionConfigurationPlatforms) = preSolution
		Debug|Any CPU = Debug|Any CPU
		Release|Any CPU = Release|Any CPU
	EndGlobalSection
	GlobalSection(ProjectConfigurationPlatforms) = postSolution
		{B60D4CB3-FE9B-48B5-A85C-7DA4B2379765}.Debug|Any CPU.ActiveCfg = Debug|Any CPU
		{B60D4CB3-FE9B-48B5-A85C-7DA4B2379765}.Debug|Any CPU.Build.0 = Debug|Any CPU
		{B60D4CB3-FE9B-48B5-A85C-7DA4B2379765}.Release|Any CPU.ActiveCfg = Release|Any CPU
		{B60D4CB3-FE9B-48B5-A85C-7DA4B2379765}.Release|Any CPU.Build.0 = Release|Any CPU
	EndGlobalSection
	GlobalSection(SolutionProperties) = preSolution
		HideSolutionNode = FALSE
	EndGlobalSection
	GlobalSection(ExtensibilityGlobals) = postSolution
		SolutionGuid = {06B21082-76F3-46D0-A466-269BD17C1883}
	EndGlobalSection
EndGlobal
